// !$*UTF8*$!
{
	archiveVersion = 1;
	classes = {
	};
	objectVersion = 50;
	objects = {

/* Begin PBXBuildFile section */
		D054E134220C3FE7003D26A2 /* AppDelegate.swift in Sources */ = {isa = PBXBuildFile; fileRef = D054E133220C3FE7003D26A2 /* AppDelegate.swift */; };
		D054E139220C3FE7003D26A2 /* Main.storyboard in Resources */ = {isa = PBXBuildFile; fileRef = D054E137220C3FE7003D26A2 /* Main.storyboard */; };
		D054E13B220C3FF1003D26A2 /* Assets.xcassets in Resources */ = {isa = PBXBuildFile; fileRef = D054E13A220C3FF1003D26A2 /* Assets.xcassets */; };
		D054E13E220C3FF1003D26A2 /* LaunchScreen.storyboard in Resources */ = {isa = PBXBuildFile; fileRef = D054E13C220C3FF1003D26A2 /* LaunchScreen.storyboard */; };
		D0B57B512211485900D3C34D /* SWRevealViewController.m in Sources */ = {isa = PBXBuildFile; fileRef = D0B57B502211485900D3C34D /* SWRevealViewController.m */; };
		D0B57B57221156AE00D3C34D /* TextFieldAttributes.swift in Sources */ = {isa = PBXBuildFile; fileRef = D0B57B56221156AE00D3C34D /* TextFieldAttributes.swift */; };
		D0B57B5922115A0F00D3C34D /* ButtonAttributes.swift in Sources */ = {isa = PBXBuildFile; fileRef = D0B57B5822115A0F00D3C34D /* ButtonAttributes.swift */; };
		D0B57B5D22115F5700D3C34D /* LoginVC.swift in Sources */ = {isa = PBXBuildFile; fileRef = D0B57B5C22115F5700D3C34D /* LoginVC.swift */; };
		D0B57B5F2211727B00D3C34D /* CreateVC.swift in Sources */ = {isa = PBXBuildFile; fileRef = D0B57B5E2211727B00D3C34D /* CreateVC.swift */; };
		D0B57B622211A0FD00D3C34D /* AuthService.swift in Sources */ = {isa = PBXBuildFile; fileRef = D0B57B612211A0FD00D3C34D /* AuthService.swift */; };
		D0B57B652211A37500D3C34D /* env.swift in Sources */ = {isa = PBXBuildFile; fileRef = D0B57B642211A37500D3C34D /* env.swift */; };
		D0E9BA2D220D7F4E008B7F2B /* ChatVC.swift in Sources */ = {isa = PBXBuildFile; fileRef = D0E9BA2C220D7F4E008B7F2B /* ChatVC.swift */; };
		D0E9BA2F220D7F5B008B7F2B /* ChannelVC.swift in Sources */ = {isa = PBXBuildFile; fileRef = D0E9BA2E220D7F5B008B7F2B /* ChannelVC.swift */; };
		D0E9BA31220D9CD5008B7F2B /* GradientView.swift in Sources */ = {isa = PBXBuildFile; fileRef = D0E9BA30220D9CD5008B7F2B /* GradientView.swift */; };
		E9B4E6CF8536BD1935D6EF02 /* Pods_smack.framework in Frameworks */ = {isa = PBXBuildFile; fileRef = 537D0B1A13681E0CCBA4D843 /* Pods_smack.framework */; };
/* End PBXBuildFile section */

/* Begin PBXFileReference section */
		537D0B1A13681E0CCBA4D843 /* Pods_smack.framework */ = {isa = PBXFileReference; explicitFileType = wrapper.framework; includeInIndex = 0; path = Pods_smack.framework; sourceTree = BUILT_PRODUCTS_DIR; };
		84DB04E5EA82B6DF790CCA25 /* Pods-smack.debug.xcconfig */ = {isa = PBXFileReference; includeInIndex = 1; lastKnownFileType = text.xcconfig; name = "Pods-smack.debug.xcconfig"; path = "Pods/Target Support Files/Pods-smack/Pods-smack.debug.xcconfig"; sourceTree = "<group>"; };
		88B86956270830FA60DCE592 /* Pods-smack.release.xcconfig */ = {isa = PBXFileReference; includeInIndex = 1; lastKnownFileType = text.xcconfig; name = "Pods-smack.release.xcconfig"; path = "Pods/Target Support Files/Pods-smack/Pods-smack.release.xcconfig"; sourceTree = "<group>"; };
		D054E130220C3FE7003D26A2 /* smack.app */ = {isa = PBXFileReference; explicitFileType = wrapper.application; includeInIndex = 0; path = smack.app; sourceTree = BUILT_PRODUCTS_DIR; };
		D054E133220C3FE7003D26A2 /* AppDelegate.swift */ = {isa = PBXFileReference; lastKnownFileType = sourcecode.swift; path = AppDelegate.swift; sourceTree = "<group>"; };
		D054E138220C3FE7003D26A2 /* Base */ = {isa = PBXFileReference; lastKnownFileType = file.storyboard; name = Base; path = Base.lproj/Main.storyboard; sourceTree = "<group>"; };
		D054E13A220C3FF1003D26A2 /* Assets.xcassets */ = {isa = PBXFileReference; lastKnownFileType = folder.assetcatalog; path = Assets.xcassets; sourceTree = "<group>"; };
		D054E13D220C3FF1003D26A2 /* Base */ = {isa = PBXFileReference; lastKnownFileType = file.storyboard; name = Base; path = Base.lproj/LaunchScreen.storyboard; sourceTree = "<group>"; };
		D054E13F220C3FF1003D26A2 /* Info.plist */ = {isa = PBXFileReference; lastKnownFileType = text.plist.xml; path = Info.plist; sourceTree = "<group>"; };
		D0B57B4E2211485700D3C34D /* smack-Bridging-Header.h */ = {isa = PBXFileReference; lastKnownFileType = sourcecode.c.h; path = "smack-Bridging-Header.h"; sourceTree = "<group>"; };
		D0B57B4F2211485800D3C34D /* SWRevealViewController.h */ = {isa = PBXFileReference; fileEncoding = 4; lastKnownFileType = sourcecode.c.h; name = SWRevealViewController.h; path = "../../../../../Downloads/Smack Assets 2/SWReveal/SWRevealViewController.h"; sourceTree = "<group>"; };
		D0B57B502211485900D3C34D /* SWRevealViewController.m */ = {isa = PBXFileReference; fileEncoding = 4; lastKnownFileType = sourcecode.c.objc; name = SWRevealViewController.m; path = "../../../../../Downloads/Smack Assets 2/SWReveal/SWRevealViewController.m"; sourceTree = "<group>"; };
		D0B57B56221156AE00D3C34D /* TextFieldAttributes.swift */ = {isa = PBXFileReference; lastKnownFileType = sourcecode.swift; path = TextFieldAttributes.swift; sourceTree = "<group>"; };
		D0B57B5822115A0F00D3C34D /* ButtonAttributes.swift */ = {isa = PBXFileReference; lastKnownFileType = sourcecode.swift; path = ButtonAttributes.swift; sourceTree = "<group>"; };
		D0B57B5C22115F5700D3C34D /* LoginVC.swift */ = {isa = PBXFileReference; lastKnownFileType = sourcecode.swift; path = LoginVC.swift; sourceTree = "<group>"; };
		D0B57B5E2211727B00D3C34D /* CreateVC.swift */ = {isa = PBXFileReference; lastKnownFileType = sourcecode.swift; path = CreateVC.swift; sourceTree = "<group>"; };
		D0B57B612211A0FD00D3C34D /* AuthService.swift */ = {isa = PBXFileReference; lastKnownFileType = sourcecode.swift; path = AuthService.swift; sourceTree = "<group>"; };
		D0B57B642211A37500D3C34D /* env.swift */ = {isa = PBXFileReference; lastKnownFileType = sourcecode.swift; path = env.swift; sourceTree = "<group>"; };
		D0E9BA2C220D7F4E008B7F2B /* ChatVC.swift */ = {isa = PBXFileReference; lastKnownFileType = sourcecode.swift; path = ChatVC.swift; sourceTree = "<group>"; };
		D0E9BA2E220D7F5B008B7F2B /* ChannelVC.swift */ = {isa = PBXFileReference; lastKnownFileType = sourcecode.swift; path = ChannelVC.swift; sourceTree = "<group>"; };
		D0E9BA30220D9CD5008B7F2B /* GradientView.swift */ = {isa = PBXFileReference; lastKnownFileType = sourcecode.swift; path = GradientView.swift; sourceTree = "<group>"; };
/* End PBXFileReference section */

/* Begin PBXFrameworksBuildPhase section */
		D054E12D220C3FE7003D26A2 /* Frameworks */ = {
			isa = PBXFrameworksBuildPhase;
			buildActionMask = 2147483647;
			files = (
				E9B4E6CF8536BD1935D6EF02 /* Pods_smack.framework in Frameworks */,
			);
			runOnlyForDeploymentPostprocessing = 0;
		};
/* End PBXFrameworksBuildPhase section */

/* Begin PBXGroup section */
		5802CE54FC58F5A0294FC416 /* Pods */ = {
			isa = PBXGroup;
			children = (
				84DB04E5EA82B6DF790CCA25 /* Pods-smack.debug.xcconfig */,
				88B86956270830FA60DCE592 /* Pods-smack.release.xcconfig */,
			);
			name = Pods;
			sourceTree = "<group>";
		};
		6348E53F691D4C0A2B517D34 /* Frameworks */ = {
			isa = PBXGroup;
			children = (
				537D0B1A13681E0CCBA4D843 /* Pods_smack.framework */,
			);
			name = Frameworks;
			sourceTree = "<group>";
		};
		D054E127220C3FE7003D26A2 = {
			isa = PBXGroup;
			children = (
				D054E132220C3FE7003D26A2 /* smack */,
				D054E131220C3FE7003D26A2 /* Products */,
				5802CE54FC58F5A0294FC416 /* Pods */,
				6348E53F691D4C0A2B517D34 /* Frameworks */,
			);
			sourceTree = "<group>";
		};
		D054E131220C3FE7003D26A2 /* Products */ = {
			isa = PBXGroup;
			children = (
				D054E130220C3FE7003D26A2 /* smack.app */,
			);
			name = Products;
			sourceTree = "<group>";
		};
		D054E132220C3FE7003D26A2 /* smack */ = {
			isa = PBXGroup;
			children = (
				D0B57B632211A34D00D3C34D /* Utilities */,
				D0B57B602211A0E400D3C34D /* Service */,
				D0E9BA27220D7088008B7F2B /* Support Files */,
				D0E9BA24220D7047008B7F2B /* Model */,
				D0E9BA25220D7050008B7F2B /* View */,
				D0E9BA26220D705C008B7F2B /* Controller */,
				D054E133220C3FE7003D26A2 /* AppDelegate.swift */,
				D054E137220C3FE7003D26A2 /* Main.storyboard */,
				D054E13A220C3FF1003D26A2 /* Assets.xcassets */,
				D054E13C220C3FF1003D26A2 /* LaunchScreen.storyboard */,
				D054E13F220C3FF1003D26A2 /* Info.plist */,
			);
			path = smack;
			sourceTree = "<group>";
		};
		D0B57B602211A0E400D3C34D /* Service */ = {
			isa = PBXGroup;
			children = (
				D0B57B612211A0FD00D3C34D /* AuthService.swift */,
			);
			path = Service;
			sourceTree = "<group>";
		};
		D0B57B632211A34D00D3C34D /* Utilities */ = {
			isa = PBXGroup;
			children = (
				D0B57B642211A37500D3C34D /* env.swift */,
			);
			path = Utilities;
			sourceTree = "<group>";
		};
		D0E9BA24220D7047008B7F2B /* Model */ = {
			isa = PBXGroup;
			children = (
			);
			path = Model;
			sourceTree = "<group>";
		};
		D0E9BA25220D7050008B7F2B /* View */ = {
			isa = PBXGroup;
			children = (
				D0E9BA30220D9CD5008B7F2B /* GradientView.swift */,
				D0B57B56221156AE00D3C34D /* TextFieldAttributes.swift */,
				D0B57B5822115A0F00D3C34D /* ButtonAttributes.swift */,
			);
			path = View;
			sourceTree = "<group>";
		};
		D0E9BA26220D705C008B7F2B /* Controller */ = {
			isa = PBXGroup;
			children = (
				D0E9BA2C220D7F4E008B7F2B /* ChatVC.swift */,
				D0E9BA2E220D7F5B008B7F2B /* ChannelVC.swift */,
				D0B57B5C22115F5700D3C34D /* LoginVC.swift */,
				D0B57B5E2211727B00D3C34D /* CreateVC.swift */,
			);
			path = Controller;
			sourceTree = "<group>";
		};
		D0E9BA27220D7088008B7F2B /* Support Files */ = {
			isa = PBXGroup;
			children = (
				D0B57B4F2211485800D3C34D /* SWRevealViewController.h */,
				D0B57B502211485900D3C34D /* SWRevealViewController.m */,
				D0B57B4E2211485700D3C34D /* smack-Bridging-Header.h */,
			);
			path = "Support Files";
			sourceTree = "<group>";
		};
/* End PBXGroup section */

/* Begin PBXNativeTarget section */
		D054E12F220C3FE7003D26A2 /* smack */ = {
			isa = PBXNativeTarget;
			buildConfigurationList = D054E142220C3FF1003D26A2 /* Build configuration list for PBXNativeTarget "smack" */;
			buildPhases = (
				D0552BF183138A5F7523371D /* [CP] Check Pods Manifest.lock */,
				D054E12C220C3FE7003D26A2 /* Sources */,
				D054E12D220C3FE7003D26A2 /* Frameworks */,
				D054E12E220C3FE7003D26A2 /* Resources */,
				983B2DC0757F44A4C1CA13B1 /* [CP] Embed Pods Frameworks */,
			);
			buildRules = (
			);
			dependencies = (
			);
			name = smack;
			productName = smack;
			productReference = D054E130220C3FE7003D26A2 /* smack.app */;
			productType = "com.apple.product-type.application";
		};
/* End PBXNativeTarget section */

/* Begin PBXProject section */
		D054E128220C3FE7003D26A2 /* Project object */ = {
			isa = PBXProject;
			attributes = {
				LastSwiftUpdateCheck = 1000;
				LastUpgradeCheck = 1000;
				ORGANIZATIONNAME = spell;
				TargetAttributes = {
					D054E12F220C3FE7003D26A2 = {
						CreatedOnToolsVersion = 10.0;
						LastSwiftMigration = 1000;
					};
				};
			};
			buildConfigurationList = D054E12B220C3FE7003D26A2 /* Build configuration list for PBXProject "smack" */;
			compatibilityVersion = "Xcode 9.3";
			developmentRegion = en;
			hasScannedForEncodings = 0;
			knownRegions = (
				en,
				Base,
			);
			mainGroup = D054E127220C3FE7003D26A2;
			productRefGroup = D054E131220C3FE7003D26A2 /* Products */;
			projectDirPath = "";
			projectRoot = "";
			targets = (
				D054E12F220C3FE7003D26A2 /* smack */,
			);
		};
/* End PBXProject section */

/* Begin PBXResourcesBuildPhase section */
		D054E12E220C3FE7003D26A2 /* Resources */ = {
			isa = PBXResourcesBuildPhase;
			buildActionMask = 2147483647;
			files = (
				D054E13E220C3FF1003D26A2 /* LaunchScreen.storyboard in Resources */,
				D054E13B220C3FF1003D26A2 /* Assets.xcassets in Resources */,
				D054E139220C3FE7003D26A2 /* Main.storyboard in Resources */,
			);
			runOnlyForDeploymentPostprocessing = 0;
		};
/* End PBXResourcesBuildPhase section */

/* Begin PBXShellScriptBuildPhase section */
		983B2DC0757F44A4C1CA13B1 /* [CP] Embed Pods Frameworks */ = {
			isa = PBXShellScriptBuildPhase;
			buildActionMask = 2147483647;
			files = (
			);
			inputPaths = (
				"${SRCROOT}/Pods/Target Support Files/Pods-smack/Pods-smack-frameworks.sh",
				"${BUILT_PRODUCTS_DIR}/Alamofire/Alamofire.framework",
				"${BUILT_PRODUCTS_DIR}/Socket.IO-Client-Swift/SocketIO.framework",
				"${BUILT_PRODUCTS_DIR}/Starscream/Starscream.framework",
				"${BUILT_PRODUCTS_DIR}/SwiftyJSON/SwiftyJSON.framework",
			);
			name = "[CP] Embed Pods Frameworks";
			outputPaths = (
				"${TARGET_BUILD_DIR}/${FRAMEWORKS_FOLDER_PATH}/Alamofire.framework",
				"${TARGET_BUILD_DIR}/${FRAMEWORKS_FOLDER_PATH}/SocketIO.framework",
				"${TARGET_BUILD_DIR}/${FRAMEWORKS_FOLDER_PATH}/Starscream.framework",
				"${TARGET_BUILD_DIR}/${FRAMEWORKS_FOLDER_PATH}/SwiftyJSON.framework",
			);
			runOnlyForDeploymentPostprocessing = 0;
			shellPath = /bin/sh;
			shellScript = "\"${SRCROOT}/Pods/Target Support Files/Pods-smack/Pods-smack-frameworks.sh\"\n";
			showEnvVarsInLog = 0;
		};
		D0552BF183138A5F7523371D /* [CP] Check Pods Manifest.lock */ = {
			isa = PBXShellScriptBuildPhase;
			buildActionMask = 2147483647;
			files = (
			);
			inputPaths = (
				"${PODS_PODFILE_DIR_PATH}/Podfile.lock",
				"${PODS_ROOT}/Manifest.lock",
			);
			name = "[CP] Check Pods Manifest.lock";
			outputPaths = (
				"$(DERIVED_FILE_DIR)/Pods-smack-checkManifestLockResult.txt",
			);
			runOnlyForDeploymentPostprocessing = 0;
			shellPath = /bin/sh;
			shellScript = "diff \"${PODS_PODFILE_DIR_PATH}/Podfile.lock\" \"${PODS_ROOT}/Manifest.lock\" > /dev/null\nif [ $? != 0 ] ; then\n    # print error to STDERR\n    echo \"error: The sandbox is not in sync with the Podfile.lock. Run 'pod install' or update your CocoaPods installation.\" >&2\n    exit 1\nfi\n# This output is used by Xcode 'outputs' to avoid re-running this script phase.\necho \"SUCCESS\" > \"${SCRIPT_OUTPUT_FILE_0}\"\n";
			showEnvVarsInLog = 0;
		};
/* End PBXShellScriptBuildPhase section */

/* Begin PBXSourcesBuildPhase section */
		D054E12C220C3FE7003D26A2 /* Sources */ = {
			isa = PBXSourcesBuildPhase;
			buildActionMask = 2147483647;
			files = (
				D0E9BA2D220D7F4E008B7F2B /* ChatVC.swift in Sources */,
				D0E9BA31220D9CD5008B7F2B /* GradientView.swift in Sources */,
				D0B57B5D22115F5700D3C34D /* LoginVC.swift in Sources */,
				D0B57B652211A37500D3C34D /* env.swift in Sources */,
				D054E134220C3FE7003D26A2 /* AppDelegate.swift in Sources */,
				D0B57B5922115A0F00D3C34D /* ButtonAttributes.swift in Sources */,
				D0E9BA2F220D7F5B008B7F2B /* ChannelVC.swift in Sources */,
				D0B57B57221156AE00D3C34D /* TextFieldAttributes.swift in Sources */,
				D0B57B622211A0FD00D3C34D /* AuthService.swift in Sources */,
				D0B57B5F2211727B00D3C34D /* CreateVC.swift in Sources */,
				D0B57B512211485900D3C34D /* SWRevealViewController.m in Sources */,
			);
			runOnlyForDeploymentPostprocessing = 0;
		};
/* End PBXSourcesBuildPhase section */

/* Begin PBXVariantGroup section */
		D054E137220C3FE7003D26A2 /* Main.storyboard */ = {
			isa = PBXVariantGroup;
			children = (
				D054E138220C3FE7003D26A2 /* Base */,
			);
			name = Main.storyboard;
			sourceTree = "<group>";
		};
		D054E13C220C3FF1003D26A2 /* LaunchScreen.storyboard */ = {
			isa = PBXVariantGroup;
			children = (
				D054E13D220C3FF1003D26A2 /* Base */,
			);
			name = LaunchScreen.storyboard;
			sourceTree = "<group>";
		};
/* End PBXVariantGroup section */

/* Begin XCBuildConfiguration section */
		D054E140220C3FF1003D26A2 /* Debug */ = {
			isa = XCBuildConfiguration;
			buildSettings = {
				ALWAYS_SEARCH_USER_PATHS = NO;
				CLANG_ANALYZER_NONNULL = YES;
				CLANG_ANALYZER_NUMBER_OBJECT_CONVERSION = YES_AGGRESSIVE;
				CLANG_CXX_LANGUAGE_STANDARD = "gnu++14";
				CLANG_CXX_LIBRARY = "libc++";
				CLANG_ENABLE_MODULES = YES;
				CLANG_ENABLE_OBJC_ARC = YES;
				CLANG_ENABLE_OBJC_WEAK = YES;
				CLANG_WARN_BLOCK_CAPTURE_AUTORELEASING = YES;
				CLANG_WARN_BOOL_CONVERSION = YES;
				CLANG_WARN_COMMA = YES;
				CLANG_WARN_CONSTANT_CONVERSION = YES;
				CLANG_WARN_DEPRECATED_OBJC_IMPLEMENTATIONS = YES;
				CLANG_WARN_DIRECT_OBJC_ISA_USAGE = YES_ERROR;
				CLANG_WARN_DOCUMENTATION_COMMENTS = YES;
				CLANG_WARN_EMPTY_BODY = YES;
				CLANG_WARN_ENUM_CONVERSION = YES;
				CLANG_WARN_INFINITE_RECURSION = YES;
				CLANG_WARN_INT_CONVERSION = YES;
				CLANG_WARN_NON_LITERAL_NULL_CONVERSION = YES;
				CLANG_WARN_OBJC_IMPLICIT_RETAIN_SELF = YES;
				CLANG_WARN_OBJC_LITERAL_CONVERSION = YES;
				CLANG_WARN_OBJC_ROOT_CLASS = YES_ERROR;
				CLANG_WARN_RANGE_LOOP_ANALYSIS = YES;
				CLANG_WARN_STRICT_PROTOTYPES = YES;
				CLANG_WARN_SUSPICIOUS_MOVE = YES;
				CLANG_WARN_UNGUARDED_AVAILABILITY = YES_AGGRESSIVE;
				CLANG_WARN_UNREACHABLE_CODE = YES;
				CLANG_WARN__DUPLICATE_METHOD_MATCH = YES;
				CODE_SIGN_IDENTITY = "iPhone Developer";
				COPY_PHASE_STRIP = NO;
				DEBUG_INFORMATION_FORMAT = dwarf;
				ENABLE_STRICT_OBJC_MSGSEND = YES;
				ENABLE_TESTABILITY = YES;
				GCC_C_LANGUAGE_STANDARD = gnu11;
				GCC_DYNAMIC_NO_PIC = NO;
				GCC_NO_COMMON_BLOCKS = YES;
				GCC_OPTIMIZATION_LEVEL = 0;
				GCC_PREPROCESSOR_DEFINITIONS = (
					"DEBUG=1",
					"$(inherited)",
				);
				GCC_WARN_64_TO_32_BIT_CONVERSION = YES;
				GCC_WARN_ABOUT_RETURN_TYPE = YES_ERROR;
				GCC_WARN_UNDECLARED_SELECTOR = YES;
				GCC_WARN_UNINITIALIZED_AUTOS = YES_AGGRESSIVE;
				GCC_WARN_UNUSED_FUNCTION = YES;
				GCC_WARN_UNUSED_VARIABLE = YES;
				IPHONEOS_DEPLOYMENT_TARGET = 12.0;
				MTL_ENABLE_DEBUG_INFO = INCLUDE_SOURCE;
				MTL_FAST_MATH = YES;
				ONLY_ACTIVE_ARCH = YES;
				SDKROOT = iphoneos;
				SWIFT_ACTIVE_COMPILATION_CONDITIONS = DEBUG;
				SWIFT_OPTIMIZATION_LEVEL = "-Onone";
			};
			name = Debug;
		};
		D054E141220C3FF1003D26A2 /* Release */ = {
			isa = XCBuildConfiguration;
			buildSettings = {
				ALWAYS_SEARCH_USER_PATHS = NO;
				CLANG_ANALYZER_NONNULL = YES;
				CLANG_ANALYZER_NUMBER_OBJECT_CONVERSION = YES_AGGRESSIVE;
				CLANG_CXX_LANGUAGE_STANDARD = "gnu++14";
				CLANG_CXX_LIBRARY = "libc++";
				CLANG_ENABLE_MODULES = YES;
				CLANG_ENABLE_OBJC_ARC = YES;
				CLANG_ENABLE_OBJC_WEAK = YES;
				CLANG_WARN_BLOCK_CAPTURE_AUTORELEASING = YES;
				CLANG_WARN_BOOL_CONVERSION = YES;
				CLANG_WARN_COMMA = YES;
				CLANG_WARN_CONSTANT_CONVERSION = YES;
				CLANG_WARN_DEPRECATED_OBJC_IMPLEMENTATIONS = YES;
				CLANG_WARN_DIRECT_OBJC_ISA_USAGE = YES_ERROR;
				CLANG_WARN_DOCUMENTATION_COMMENTS = YES;
				CLANG_WARN_EMPTY_BODY = YES;
				CLANG_WARN_ENUM_CONVERSION = YES;
				CLANG_WARN_INFINITE_RECURSION = YES;
				CLANG_WARN_INT_CONVERSION = YES;
				CLANG_WARN_NON_LITERAL_NULL_CONVERSION = YES;
				CLANG_WARN_OBJC_IMPLICIT_RETAIN_SELF = YES;
				CLANG_WARN_OBJC_LITERAL_CONVERSION = YES;
				CLANG_WARN_OBJC_ROOT_CLASS = YES_ERROR;
				CLANG_WARN_RANGE_LOOP_ANALYSIS = YES;
				CLANG_WARN_STRICT_PROTOTYPES = YES;
				CLANG_WARN_SUSPICIOUS_MOVE = YES;
				CLANG_WARN_UNGUARDED_AVAILABILITY = YES_AGGRESSIVE;
				CLANG_WARN_UNREACHABLE_CODE = YES;
				CLANG_WARN__DUPLICATE_METHOD_MATCH = YES;
				CODE_SIGN_IDENTITY = "iPhone Developer";
				COPY_PHASE_STRIP = NO;
				DEBUG_INFORMATION_FORMAT = "dwarf-with-dsym";
				ENABLE_NS_ASSERTIONS = NO;
				ENABLE_STRICT_OBJC_MSGSEND = YES;
				GCC_C_LANGUAGE_STANDARD = gnu11;
				GCC_NO_COMMON_BLOCKS = YES;
				GCC_WARN_64_TO_32_BIT_CONVERSION = YES;
				GCC_WARN_ABOUT_RETURN_TYPE = YES_ERROR;
				GCC_WARN_UNDECLARED_SELECTOR = YES;
				GCC_WARN_UNINITIALIZED_AUTOS = YES_AGGRESSIVE;
				GCC_WARN_UNUSED_FUNCTION = YES;
				GCC_WARN_UNUSED_VARIABLE = YES;
				IPHONEOS_DEPLOYMENT_TARGET = 12.0;
				MTL_ENABLE_DEBUG_INFO = NO;
				MTL_FAST_MATH = YES;
				SDKROOT = iphoneos;
				SWIFT_COMPILATION_MODE = wholemodule;
				SWIFT_OPTIMIZATION_LEVEL = "-O";
				VALIDATE_PRODUCT = YES;
			};
			name = Release;
		};
		D054E143220C3FF1003D26A2 /* Debug */ = {
			isa = XCBuildConfiguration;
			baseConfigurationReference = 84DB04E5EA82B6DF790CCA25 /* Pods-smack.debug.xcconfig */;
			buildSettings = {
				ASSETCATALOG_COMPILER_APPICON_NAME = AppIcon;
				CLANG_ENABLE_MODULES = YES;
				CODE_SIGN_STYLE = Automatic;
				INFOPLIST_FILE = smack/Info.plist;
				LD_RUNPATH_SEARCH_PATHS = (
					"$(inherited)",
					"@executable_path/Frameworks",
				);
				PRODUCT_BUNDLE_IDENTIFIER = com.spell.smack;
				PRODUCT_NAME = "$(TARGET_NAME)";
				SWIFT_OBJC_BRIDGING_HEADER = "smack/Support Files/smack-Bridging-Header.h";
				SWIFT_OPTIMIZATION_LEVEL = "-Onone";
				SWIFT_VERSION = 4.2;
				TARGETED_DEVICE_FAMILY = "1,2";
			};
			name = Debug;
		};
		D054E144220C3FF1003D26A2 /* Release */ = {
			isa = XCBuildConfiguration;
			baseConfigurationReference = 88B86956270830FA60DCE592 /* Pods-smack.release.xcconfig */;
			buildSettings = {
				ASSETCATALOG_COMPILER_APPICON_NAME = AppIcon;
				CLANG_ENABLE_MODULES = YES;
				CODE_SIGN_STYLE = Automatic;
				INFOPLIST_FILE = smack/Info.plist;
				LD_RUNPATH_SEARCH_PATHS = (
					"$(inherited)",
					"@executable_path/Frameworks",
				);
				PRODUCT_BUNDLE_IDENTIFIER = com.spell.smack;
				PRODUCT_NAME = "$(TARGET_NAME)";
				SWIFT_OBJC_BRIDGING_HEADER = "smack/Support Files/smack-Bridging-Header.h";
				SWIFT_VERSION = 4.2;
				TARGETED_DEVICE_FAMILY = "1,2";
			};
			name = Release;
		};
/* End XCBuildConfiguration section */

/* Begin XCConfigurationList section */
		D054E12B220C3FE7003D26A2 /* Build configuration list for PBXProject "smack" */ = {
			isa = XCConfigurationList;
			buildConfigurations = (
				D054E140220C3FF1003D26A2 /* Debug */,
				D054E141220C3FF1003D26A2 /* Release */,
			);
			defaultConfigurationIsVisible = 0;
			defaultConfigurationName = Release;
		};
		D054E142220C3FF1003D26A2 /* Build configuration list for PBXNativeTarget "smack" */ = {
			isa = XCConfigurationList;
			buildConfigurations = (
				D054E143220C3FF1003D26A2 /* Debug */,
				D054E144220C3FF1003D26A2 /* Release */,
			);
			defaultConfigurationIsVisible = 0;
			defaultConfigurationName = Release;
		};
/* End XCConfigurationList section */
	};
	rootObject = D054E128220C3FE7003D26A2 /* Project object */;
}
